// !$*UTF8*$!
{
	archiveVersion = 1;
	classes = {
	};
	objectVersion = 52;
	objects = {

/* Begin PBXBuildFile section */
		2943B7C4238D29CA00E2D3A9 /* TextFieldExtantions.swift in Sources */ = {isa = PBXBuildFile; fileRef = 2943B7C3238D29CA00E2D3A9 /* TextFieldExtantions.swift */; };
		29D4366D23914428003E1668 /* IQKeyboardManagerSwift in Frameworks */ = {isa = PBXBuildFile; productRef = 29D4366C23914428003E1668 /* IQKeyboardManagerSwift */; };
		29DF759C23858D6400F8DF30 /* AppDelegate.swift in Sources */ = {isa = PBXBuildFile; fileRef = 29DF759B23858D6400F8DF30 /* AppDelegate.swift */; };
		29DF75A023858D6400F8DF30 /* ViewController.swift in Sources */ = {isa = PBXBuildFile; fileRef = 29DF759F23858D6400F8DF30 /* ViewController.swift */; };
		29DF75A323858D6400F8DF30 /* Main.storyboard in Resources */ = {isa = PBXBuildFile; fileRef = 29DF75A123858D6400F8DF30 /* Main.storyboard */; };
		29DF75A623858D6400F8DF30 /* My_Bill.xcdatamodeld in Sources */ = {isa = PBXBuildFile; fileRef = 29DF75A423858D6400F8DF30 /* My_Bill.xcdatamodeld */; };
		29DF75A823858D6500F8DF30 /* Assets.xcassets in Resources */ = {isa = PBXBuildFile; fileRef = 29DF75A723858D6500F8DF30 /* Assets.xcassets */; };
		29DF75AB23858D6500F8DF30 /* LaunchScreen.storyboard in Resources */ = {isa = PBXBuildFile; fileRef = 29DF75A923858D6500F8DF30 /* LaunchScreen.storyboard */; };
		29EAC6EB239923D500A126CC /* BillListTableViewController.swift in Sources */ = {isa = PBXBuildFile; fileRef = 29EAC6EA239923D500A126CC /* BillListTableViewController.swift */; };
/* End PBXBuildFile section */

/* Begin PBXFileReference section */
		2943B7C3238D29CA00E2D3A9 /* TextFieldExtantions.swift */ = {isa = PBXFileReference; lastKnownFileType = sourcecode.swift; path = TextFieldExtantions.swift; sourceTree = "<group>"; };
		29DF759823858D6400F8DF30 /* My Bill.app */ = {isa = PBXFileReference; explicitFileType = wrapper.application; includeInIndex = 0; path = "My Bill.app"; sourceTree = BUILT_PRODUCTS_DIR; };
		29DF759B23858D6400F8DF30 /* AppDelegate.swift */ = {isa = PBXFileReference; lastKnownFileType = sourcecode.swift; path = AppDelegate.swift; sourceTree = "<group>"; };
		29DF759F23858D6400F8DF30 /* ViewController.swift */ = {isa = PBXFileReference; lastKnownFileType = sourcecode.swift; path = ViewController.swift; sourceTree = "<group>"; };
		29DF75A223858D6400F8DF30 /* Base */ = {isa = PBXFileReference; lastKnownFileType = file.storyboard; name = Base; path = Base.lproj/Main.storyboard; sourceTree = "<group>"; };
		29DF75A523858D6400F8DF30 /* My_Bill.xcdatamodel */ = {isa = PBXFileReference; lastKnownFileType = wrapper.xcdatamodel; path = My_Bill.xcdatamodel; sourceTree = "<group>"; };
		29DF75A723858D6500F8DF30 /* Assets.xcassets */ = {isa = PBXFileReference; lastKnownFileType = folder.assetcatalog; path = Assets.xcassets; sourceTree = "<group>"; };
		29DF75AA23858D6500F8DF30 /* Base */ = {isa = PBXFileReference; lastKnownFileType = file.storyboard; name = Base; path = Base.lproj/LaunchScreen.storyboard; sourceTree = "<group>"; };
		29DF75AC23858D6500F8DF30 /* Info.plist */ = {isa = PBXFileReference; lastKnownFileType = text.plist.xml; path = Info.plist; sourceTree = "<group>"; };
		29EAC6EA239923D500A126CC /* BillListTableViewController.swift */ = {isa = PBXFileReference; lastKnownFileType = sourcecode.swift; path = BillListTableViewController.swift; sourceTree = "<group>"; };
/* End PBXFileReference section */

/* Begin PBXFrameworksBuildPhase section */
		29DF759523858D6400F8DF30 /* Frameworks */ = {
			isa = PBXFrameworksBuildPhase;
			buildActionMask = 2147483647;
			files = (
				29D4366D23914428003E1668 /* IQKeyboardManagerSwift in Frameworks */,
			);
			runOnlyForDeploymentPostprocessing = 0;
		};
/* End PBXFrameworksBuildPhase section */

/* Begin PBXGroup section */
		29DF758F23858D6400F8DF30 = {
			isa = PBXGroup;
			children = (
				29DF759A23858D6400F8DF30 /* My Bill */,
				29DF759923858D6400F8DF30 /* Products */,
			);
			sourceTree = "<group>";
		};
		29DF759923858D6400F8DF30 /* Products */ = {
			isa = PBXGroup;
			children = (
				29DF759823858D6400F8DF30 /* My Bill.app */,
			);
			name = Products;
			sourceTree = "<group>";
		};
		29DF759A23858D6400F8DF30 /* My Bill */ = {
			isa = PBXGroup;
			children = (
				29DF759B23858D6400F8DF30 /* AppDelegate.swift */,
				29DF759F23858D6400F8DF30 /* ViewController.swift */,
				29EAC6EA239923D500A126CC /* BillListTableViewController.swift */,
				2943B7C3238D29CA00E2D3A9 /* TextFieldExtantions.swift */,
				29DF75A123858D6400F8DF30 /* Main.storyboard */,
				29DF75A723858D6500F8DF30 /* Assets.xcassets */,
				29DF75A923858D6500F8DF30 /* LaunchScreen.storyboard */,
				29DF75AC23858D6500F8DF30 /* Info.plist */,
				29DF75A423858D6400F8DF30 /* My_Bill.xcdatamodeld */,
			);
			path = "My Bill";
			sourceTree = "<group>";
		};
/* End PBXGroup section */

/* Begin PBXNativeTarget section */
		29DF759723858D6400F8DF30 /* My Bill */ = {
			isa = PBXNativeTarget;
			buildConfigurationList = 29DF75AF23858D6500F8DF30 /* Build configuration list for PBXNativeTarget "My Bill" */;
			buildPhases = (
				29DF759423858D6400F8DF30 /* Sources */,
				29DF759523858D6400F8DF30 /* Frameworks */,
				29DF759623858D6400F8DF30 /* Resources */,
			);
			buildRules = (
			);
			dependencies = (
			);
			name = "My Bill";
			packageProductDependencies = (
				29D4366C23914428003E1668 /* IQKeyboardManagerSwift */,
			);
			productName = "My Bill";
			productReference = 29DF759823858D6400F8DF30 /* My Bill.app */;
			productType = "com.apple.product-type.application";
		};
/* End PBXNativeTarget section */

/* Begin PBXProject section */
		29DF759023858D6400F8DF30 /* Project object */ = {
			isa = PBXProject;
			attributes = {
				LastSwiftUpdateCheck = 1120;
				LastUpgradeCheck = 1120;
				ORGANIZATIONNAME = "Sergey Davydov";
				TargetAttributes = {
					29DF759723858D6400F8DF30 = {
						CreatedOnToolsVersion = 11.2.1;
					};
				};
			};
			buildConfigurationList = 29DF759323858D6400F8DF30 /* Build configuration list for PBXProject "My Bill" */;
			compatibilityVersion = "Xcode 9.3";
			developmentRegion = en;
			hasScannedForEncodings = 0;
			knownRegions = (
				en,
				Base,
			);
			mainGroup = 29DF758F23858D6400F8DF30;
			packageReferences = (
				29D4366B23914428003E1668 /* XCRemoteSwiftPackageReference "IQKeyboardManager" */,
			);
			productRefGroup = 29DF759923858D6400F8DF30 /* Products */;
			projectDirPath = "";
			projectRoot = "";
			targets = (
				29DF759723858D6400F8DF30 /* My Bill */,
			);
		};
/* End PBXProject section */

/* Begin PBXResourcesBuildPhase section */
		29DF759623858D6400F8DF30 /* Resources */ = {
			isa = PBXResourcesBuildPhase;
			buildActionMask = 2147483647;
			files = (
				29DF75AB23858D6500F8DF30 /* LaunchScreen.storyboard in Resources */,
				29DF75A823858D6500F8DF30 /* Assets.xcassets in Resources */,
				29DF75A323858D6400F8DF30 /* Main.storyboard in Resources */,
			);
			runOnlyForDeploymentPostprocessing = 0;
		};
/* End PBXResourcesBuildPhase section */

/* Begin PBXSourcesBuildPhase section */
		29DF759423858D6400F8DF30 /* Sources */ = {
			isa = PBXSourcesBuildPhase;
			buildActionMask = 2147483647;
			files = (
				29DF75A623858D6400F8DF30 /* My_Bill.xcdatamodeld in Sources */,
				29DF75A023858D6400F8DF30 /* ViewController.swift in Sources */,
				29EAC6EB239923D500A126CC /* BillListTableViewController.swift in Sources */,
				2943B7C4238D29CA00E2D3A9 /* TextFieldExtantions.swift in Sources */,
				29DF759C23858D6400F8DF30 /* AppDelegate.swift in Sources */,
			);
			runOnlyForDeploymentPostprocessing = 0;
		};
/* End PBXSourcesBuildPhase section */

/* Begin PBXVariantGroup section */
		29DF75A123858D6400F8DF30 /* Main.storyboard */ = {
			isa = PBXVariantGroup;
			children = (
				29DF75A223858D6400F8DF30 /* Base */,
			);
			name = Main.storyboard;
			sourceTree = "<group>";
		};
		29DF75A923858D6500F8DF30 /* LaunchScreen.storyboard */ = {
			isa = PBXVariantGroup;
			children = (
				29DF75AA23858D6500F8DF30 /* Base */,
			);
			name = LaunchScreen.storyboard;
			sourceTree = "<group>";
		};
/* End PBXVariantGroup section */

/* Begin XCBuildConfiguration section */
		29DF75AD23858D6500F8DF30 /* Debug */ = {
			isa = XCBuildConfiguration;
			buildSettings = {
				ALWAYS_SEARCH_USER_PATHS = NO;
				CLANG_ANALYZER_NONNULL = YES;
				CLANG_ANALYZER_NUMBER_OBJECT_CONVERSION = YES_AGGRESSIVE;
				CLANG_CXX_LANGUAGE_STANDARD = "gnu++14";
				CLANG_CXX_LIBRARY = "libc++";
				CLANG_ENABLE_MODULES = YES;
				CLANG_ENABLE_OBJC_ARC = YES;
				CLANG_ENABLE_OBJC_WEAK = YES;
				CLANG_WARN_BLOCK_CAPTURE_AUTORELEASING = YES;
				CLANG_WARN_BOOL_CONVERSION = YES;
				CLANG_WARN_COMMA = YES;
				CLANG_WARN_CONSTANT_CONVERSION = YES;
				CLANG_WARN_DEPRECATED_OBJC_IMPLEMENTATIONS = YES;
				CLANG_WARN_DIRECT_OBJC_ISA_USAGE = YES_ERROR;
				CLANG_WARN_DOCUMENTATION_COMMENTS = YES;
				CLANG_WARN_EMPTY_BODY = YES;
				CLANG_WARN_ENUM_CONVERSION = YES;
				CLANG_WARN_INFINITE_RECURSION = YES;
				CLANG_WARN_INT_CONVERSION = YES;
				CLANG_WARN_NON_LITERAL_NULL_CONVERSION = YES;
				CLANG_WARN_OBJC_IMPLICIT_RETAIN_SELF = YES;
				CLANG_WARN_OBJC_LITERAL_CONVERSION = YES;
				CLANG_WARN_OBJC_ROOT_CLASS = YES_ERROR;
				CLANG_WARN_RANGE_LOOP_ANALYSIS = YES;
				CLANG_WARN_STRICT_PROTOTYPES = YES;
				CLANG_WARN_SUSPICIOUS_MOVE = YES;
				CLANG_WARN_UNGUARDED_AVAILABILITY = YES_AGGRESSIVE;
				CLANG_WARN_UNREACHABLE_CODE = YES;
				CLANG_WARN__DUPLICATE_METHOD_MATCH = YES;
				COPY_PHASE_STRIP = NO;
				DEBUG_INFORMATION_FORMAT = dwarf;
				ENABLE_STRICT_OBJC_MSGSEND = YES;
				ENABLE_TESTABILITY = YES;
				GCC_C_LANGUAGE_STANDARD = gnu11;
				GCC_DYNAMIC_NO_PIC = NO;
				GCC_NO_COMMON_BLOCKS = YES;
				GCC_OPTIMIZATION_LEVEL = 0;
				GCC_PREPROCESSOR_DEFINITIONS = (
					"DEBUG=1",
					"$(inherited)",
				);
				GCC_WARN_64_TO_32_BIT_CONVERSION = YES;
				GCC_WARN_ABOUT_RETURN_TYPE = YES_ERROR;
				GCC_WARN_UNDECLARED_SELECTOR = YES;
				GCC_WARN_UNINITIALIZED_AUTOS = YES_AGGRESSIVE;
				GCC_WARN_UNUSED_FUNCTION = YES;
				GCC_WARN_UNUSED_VARIABLE = YES;
				IPHONEOS_DEPLOYMENT_TARGET = 12.4;
				MTL_ENABLE_DEBUG_INFO = INCLUDE_SOURCE;
				MTL_FAST_MATH = YES;
				ONLY_ACTIVE_ARCH = YES;
				SDKROOT = iphoneos;
				SWIFT_ACTIVE_COMPILATION_CONDITIONS = DEBUG;
				SWIFT_OPTIMIZATION_LEVEL = "-Onone";
			};
			name = Debug;
		};
		29DF75AE23858D6500F8DF30 /* Release */ = {
			isa = XCBuildConfiguration;
			buildSettings = {
				ALWAYS_SEARCH_USER_PATHS = NO;
				CLANG_ANALYZER_NONNULL = YES;
				CLANG_ANALYZER_NUMBER_OBJECT_CONVERSION = YES_AGGRESSIVE;
				CLANG_CXX_LANGUAGE_STANDARD = "gnu++14";
				CLANG_CXX_LIBRARY = "libc++";
				CLANG_ENABLE_MODULES = YES;
				CLANG_ENABLE_OBJC_ARC = YES;
				CLANG_ENABLE_OBJC_WEAK = YES;
				CLANG_WARN_BLOCK_CAPTURE_AUTORELEASING = YES;
				CLANG_WARN_BOOL_CONVERSION = YES;
				CLANG_WARN_COMMA = YES;
				CLANG_WARN_CONSTANT_CONVERSION = YES;
				CLANG_WARN_DEPRECATED_OBJC_IMPLEMENTATIONS = YES;
				CLANG_WARN_DIRECT_OBJC_ISA_USAGE = YES_ERROR;
				CLANG_WARN_DOCUMENTATION_COMMENTS = YES;
				CLANG_WARN_EMPTY_BODY = YES;
				CLANG_WARN_ENUM_CONVERSION = YES;
				CLANG_WARN_INFINITE_RECURSION = YES;
				CLANG_WARN_INT_CONVERSION = YES;
				CLANG_WARN_NON_LITERAL_NULL_CONVERSION = YES;
				CLANG_WARN_OBJC_IMPLICIT_RETAIN_SELF = YES;
				CLANG_WARN_OBJC_LITERAL_CONVERSION = YES;
				CLANG_WARN_OBJC_ROOT_CLASS = YES_ERROR;
				CLANG_WARN_RANGE_LOOP_ANALYSIS = YES;
				CLANG_WARN_STRICT_PROTOTYPES = YES;
				CLANG_WARN_SUSPICIOUS_MOVE = YES;
				CLANG_WARN_UNGUARDED_AVAILABILITY = YES_AGGRESSIVE;
				CLANG_WARN_UNREACHABLE_CODE = YES;
				CLANG_WARN__DUPLICATE_METHOD_MATCH = YES;
				COPY_PHASE_STRIP = NO;
				DEBUG_INFORMATION_FORMAT = "dwarf-with-dsym";
				ENABLE_NS_ASSERTIONS = NO;
				ENABLE_STRICT_OBJC_MSGSEND = YES;
				GCC_C_LANGUAGE_STANDARD = gnu11;
				GCC_NO_COMMON_BLOCKS = YES;
				GCC_WARN_64_TO_32_BIT_CONVERSION = YES;
				GCC_WARN_ABOUT_RETURN_TYPE = YES_ERROR;
				GCC_WARN_UNDECLARED_SELECTOR = YES;
				GCC_WARN_UNINITIALIZED_AUTOS = YES_AGGRESSIVE;
				GCC_WARN_UNUSED_FUNCTION = YES;
				GCC_WARN_UNUSED_VARIABLE = YES;
				IPHONEOS_DEPLOYMENT_TARGET = 12.4;
				MTL_ENABLE_DEBUG_INFO = NO;
				MTL_FAST_MATH = YES;
				SDKROOT = iphoneos;
				SWIFT_COMPILATION_MODE = wholemodule;
				SWIFT_OPTIMIZATION_LEVEL = "-O";
				VALIDATE_PRODUCT = YES;
			};
			name = Release;
		};
		29DF75B023858D6500F8DF30 /* Debug */ = {
			isa = XCBuildConfiguration;
			buildSettings = {
				ASSETCATALOG_COMPILER_APPICON_NAME = AppIcon;
				CODE_SIGN_STYLE = Automatic;
				DEVELOPMENT_TEAM = 66K9C8VT35;
				INFOPLIST_FILE = "My Bill/Info.plist";
				IPHONEOS_DEPLOYMENT_TARGET = 12.4;
				LD_RUNPATH_SEARCH_PATHS = (
					"$(inherited)",
					"@executable_path/Frameworks",
				);
				PRODUCT_BUNDLE_IDENTIFIER = "com.example.My-Bill";
				PRODUCT_NAME = "$(TARGET_NAME)";
				SWIFT_VERSION = 5.0;
				TARGETED_DEVICE_FAMILY = 1;
			};
			name = Debug;
		};
		29DF75B123858D6500F8DF30 /* Release */ = {
			isa = XCBuildConfiguration;
			buildSettings = {
				ASSETCATALOG_COMPILER_APPICON_NAME = AppIcon;
				CODE_SIGN_STYLE = Automatic;
				DEVELOPMENT_TEAM = 66K9C8VT35;
				INFOPLIST_FILE = "My Bill/Info.plist";
				IPHONEOS_DEPLOYMENT_TARGET = 12.4;
				LD_RUNPATH_SEARCH_PATHS = (
					"$(inherited)",
					"@executable_path/Frameworks",
				);
				PRODUCT_BUNDLE_IDENTIFIER = "com.example.My-Bill";
				PRODUCT_NAME = "$(TARGET_NAME)";
				SWIFT_VERSION = 5.0;
				TARGETED_DEVICE_FAMILY = 1;
			};
			name = Release;
		};
/* End XCBuildConfiguration section */

/* Begin XCConfigurationList section */
		29DF759323858D6400F8DF30 /* Build configuration list for PBXProject "My Bill" */ = {
			isa = XCConfigurationList;
			buildConfigurations = (
				29DF75AD23858D6500F8DF30 /* Debug */,
				29DF75AE23858D6500F8DF30 /* Release */,
			);
			defaultConfigurationIsVisible = 0;
			defaultConfigurationName = Release;
		};
		29DF75AF23858D6500F8DF30 /* Build configuration list for PBXNativeTarget "My Bill" */ = {
			isa = XCConfigurationList;
			buildConfigurations = (
				29DF75B023858D6500F8DF30 /* Debug */,
				29DF75B123858D6500F8DF30 /* Release */,
			);
			defaultConfigurationIsVisible = 0;
			defaultConfigurationName = Release;
		};
/* End XCConfigurationList section */

/* Begin XCRemoteSwiftPackageReference section */
		29D4366B23914428003E1668 /* XCRemoteSwiftPackageReference "IQKeyboardManager" */ = {
			isa = XCRemoteSwiftPackageReference;
			repositoryURL = "https://github.com/hackiftekhar/IQKeyboardManager.git";
			requirement = {
				kind = exactVersion;
				version = 6.5.3;
			};
		};
/* End XCRemoteSwiftPackageReference section */

/* Begin XCSwiftPackageProductDependency section */
		29D4366C23914428003E1668 /* IQKeyboardManagerSwift */ = {
			isa = XCSwiftPackageProductDependency;
			package = 29D4366B23914428003E1668 /* XCRemoteSwiftPackageReference "IQKeyboardManager" */;
			productName = IQKeyboardManagerSwift;
		};
/* End XCSwiftPackageProductDependency section */

/* Begin XCVersionGroup section */
		29DF75A423858D6400F8DF30 /* My_Bill.xcdatamodeld */ = {
			isa = XCVersionGroup;
			children = (
				29DF75A523858D6400F8DF30 /* My_Bill.xcdatamodel */,
			);
			currentVersion = 29DF75A523858D6400F8DF30 /* My_Bill.xcdatamodel */;
			path = My_Bill.xcdatamodeld;
			sourceTree = "<group>";
			versionGroupType = wrapper.xcdatamodel;
		};
/* End XCVersionGroup section */
	};
	rootObject = 29DF759023858D6400F8DF30 /* Project object */;
}
